uuid: c5602b67-78c3-4d9e-92ee-938d3e887548
langcode: en
status: true
dependencies:
  config:
    - block_content.type.2_colunm_blockstwo_colunm_blocks
    - field.storage.block_content.field_block
id: block_content.2_colunm_blockstwo_colunm_blocks.field_block
field_name: field_block
entity_type: block_content
bundle: 2_colunm_blockstwo_colunm_blocks
label: Block
description: ''
required: false
translatable: false
default_value: {  }
default_value_callback: ''
settings:
  handler: 'default:node'
  handler_settings: {  }
field_type: entity_reference
